
Microsoft Visual Studio Solution File, Format Version 12.00
# Visual Studio Version 17
VisualStudioVersion = 17.14.36518.9 d17.14
MinimumVisualStudioVersion = 10.0.40219.1
Project("{FAE04EC0-301F-11D3-BF4B-00C04F79EFBC}") = "HexEditor", "HexEditor.csproj", "{F22E17F2-7981-4850-B9F3-718F6319D5E0}"
EndProject
Global
	GlobalSection(SolutionConfigurationPlatforms) = preSolution
		Debug|Any CPU = Debug|Any CPU
		Release|Any CPU = Release|Any CPU
	EndGlobalSection
	GlobalSection(ProjectConfigurationPlatforms) = postSolution
		{F22E17F2-7981-4850-B9F3-718F6319D5E0}.Debug|Any CPU.ActiveCfg = Debug|Any CPU
		{F22E17F2-7981-4850-B9F3-718F6319D5E0}.Debug|Any CPU.Build.0 = Debug|Any CPU
		{F22E17F2-7981-4850-B9F3-718F6319D5E0}.Release|Any CPU.ActiveCfg = Release|Any CPU
		{F22E17F2-7981-4850-B9F3-718F6319D5E0}.Release|Any CPU.Build.0 = Release|Any CPU
	EndGlobalSection
	GlobalSection(SolutionProperties) = preSolution
		HideSolutionNode = FALSE
	EndGlobalSection
	GlobalSection(ExtensibilityGlobals) = postSolution
		SolutionGuid = {BF1C100B-2324-4275-8671-F79B11CB9224}
	EndGlobalSection
EndGlobal
